{
  "name": "ada_preptech",
  "version": "1.0.0",
  "lockfileVersion": 3,
  "requires": true,
  "packages": {
    "": {
      "name": "ada_preptech",
      "version": "1.0.0",
      "license": "ISC",
      "dependencies": {
        "@datastructures-js/priority-queue": "^5.4.0"
      },
      "devDependencies": {
        "typescript": "^5.6.3"
      }
    },
    "node_modules/@datastructures-js/heap": {
      "version": "3.2.0",
      "resolved": "https://registry.npmjs.org/@datastructures-js/heap/-/heap-3.2.0.tgz",
      "integrity": "sha512-FcU5ZAyb+VIOZz1HABsJUsbJi2ZyUDO7aoe97hq4d3tK3z8nMgwdxf5bO0gafR0ExFi18YTspntqHLzt4XOgnA=="
    },
    "node_modules/@datastructures-js/priority-queue": {
      "version": "5.4.0",
      "resolved": "https://registry.npmjs.org/@datastructures-js/priority-queue/-/priority-queue-5.4.0.tgz",
      "integrity": "sha512-x+EkL8tjbwBMCUyVIwsOiKnWiOvMiFAIrnWQihcO42sUZ8uc4sRsJgHAS164wnibM2kVgQUJcfvhIdssBOzxRg==",
      "dependencies": {
        "@datastructures-js/heap": "^3.2.0"
      }
    },
    "node_modules/typescript": {
      "version": "5.6.3",
      "resolved": "https://registry.npmjs.org/typescript/-/typescript-5.6.3.tgz",
      "integrity": "sha512-hjcS1mhfuyi4WW8IWtjP7brDrG2cuDZukyrYrSauoXGNgx0S7zceP07adYkJycEr56BOUTNPzbInooiN3fn1qw==",
      "dev": true,
      "bin": {
        "tsc": "bin/tsc",
        "tsserver": "bin/tsserver"
      },
      "engines": {
        "node": ">=14.17"
      }
    }
  }
}
